
// !$*UTF8*$!
{
	archiveVersion = 1;
	classes = {
	};
	objectVersion = 50;
	objects = {

/* Begin PBXBuildFile section */
		3430259023800C8100D52C58 /* AppDelegate.swift in Sources */ = {isa = PBXBuildFile; fileRef = 3430258F23800C8100D52C58 /* AppDelegate.swift */; };
		3430259223800C8100D52C58 /* SceneDelegate.swift in Sources */ = {isa = PBXBuildFile; fileRef = 3430259123800C8100D52C58 /* SceneDelegate.swift */; };
		3430259423800C8100D52C58 /* ContentView.swift in Sources */ = {isa = PBXBuildFile; fileRef = 3430259323800C8100D52C58 /* ContentView.swift */; };
		3430259623800C8400D52C58 /* Assets.xcassets in Resources */ = {isa = PBXBuildFile; fileRef = 3430259523800C8400D52C58 /* Assets.xcassets */; };
		3430259923800C8400D52C58 /* Preview Assets.xcassets in Resources */ = {isa = PBXBuildFile; fileRef = 3430259823800C8400D52C58 /* Preview Assets.xcassets */; };
		3430259C23800C8400D52C58 /* LaunchScreen.storyboard in Resources */ = {isa = PBXBuildFile; fileRef = 3430259A23800C8400D52C58 /* LaunchScreen.storyboard */; };
		3491FB11238417AE00619054 /* LineChart.swift in Sources */ = {isa = PBXBuildFile; fileRef = 3491FB10238417AE00619054 /* LineChart.swift */; };
		3491FB13238417ED00619054 /* LineChartController.swift in Sources */ = {isa = PBXBuildFile; fileRef = 3491FB12238417ED00619054 /* LineChartController.swift */; };
		349C7FB5238BFBFC00BF2F08 /* LoginView.swift in Sources */ = {isa = PBXBuildFile; fileRef = 349C7FB4238BFBFC00BF2F08 /* LoginView.swift */; };
/* End PBXBuildFile section */

/* Begin PBXFileReference section */
		3430258C23800C8100D52C58 /* Crypto.app */ = {isa = PBXFileReference; explicitFileType = wrapper.application; includeInIndex = 0; path = Crypto.app; sourceTree = BUILT_PRODUCTS_DIR; };
		3430258F23800C8100D52C58 /* AppDelegate.swift */ = {isa = PBXFileReference; lastKnownFileType = sourcecode.swift; path = AppDelegate.swift; sourceTree = "<group>"; };
		3430259123800C8100D52C58 /* SceneDelegate.swift */ = {isa = PBXFileReference; lastKnownFileType = sourcecode.swift; path = SceneDelegate.swift; sourceTree = "<group>"; };
		3430259323800C8100D52C58 /* ContentView.swift */ = {isa = PBXFileReference; lastKnownFileType = sourcecode.swift; path = ContentView.swift; sourceTree = "<group>"; };
		3430259523800C8400D52C58 /* Assets.xcassets */ = {isa = PBXFileReference; lastKnownFileType = folder.assetcatalog; path = Assets.xcassets; sourceTree = "<group>"; };
		3430259823800C8400D52C58 /* Preview Assets.xcassets */ = {isa = PBXFileReference; lastKnownFileType = folder.assetcatalog; path = "Preview Assets.xcassets"; sourceTree = "<group>"; };
		3430259B23800C8400D52C58 /* Base */ = {isa = PBXFileReference; lastKnownFileType = file.storyboard; name = Base; path = Base.lproj/LaunchScreen.storyboard; sourceTree = "<group>"; };
		3430259D23800C8400D52C58 /* Info.plist */ = {isa = PBXFileReference; lastKnownFileType = text.plist.xml; path = Info.plist; sourceTree = "<group>"; };
		3491FB10238417AE00619054 /* LineChart.swift */ = {isa = PBXFileReference; fileEncoding = 4; lastKnownFileType = sourcecode.swift; path = LineChart.swift; sourceTree = "<group>"; };
		3491FB12238417ED00619054 /* LineChartController.swift */ = {isa = PBXFileReference; lastKnownFileType = sourcecode.swift; path = LineChartController.swift; sourceTree = "<group>"; };
		349C7FB4238BFBFC00BF2F08 /* LoginView.swift */ = {isa = PBXFileReference; lastKnownFileType = sourcecode.swift; path = LoginView.swift; sourceTree = "<group>"; };
/* End PBXFileReference section */

/* Begin PBXFrameworksBuildPhase section */
		3430258923800C8100D52C58 /* Frameworks */ = {
			isa = PBXFrameworksBuildPhase;
			buildActionMask = 2147483647;
			files = (
			);
			runOnlyForDeploymentPostprocessing = 0;
		};
/* End PBXFrameworksBuildPhase section */

/* Begin PBXGroup section */
		3430258323800C8100D52C58 = {
			isa = PBXGroup;
			children = (
				3430258E23800C8100D52C58 /* Crypto */,
				3430258D23800C8100D52C58 /* Products */,
			);
			sourceTree = "<group>";
		};
		3430258D23800C8100D52C58 /* Products */ = {
			isa = PBXGroup;
			children = (
				3430258C23800C8100D52C58 /* Crypto.app */,
			);
			name = Products;
			sourceTree = "<group>";
		};
		3430258E23800C8100D52C58 /* Crypto */ = {
			isa = PBXGroup;
			children = (
				3430258F23800C8100D52C58 /* AppDelegate.swift */,
				3430259123800C8100D52C58 /* SceneDelegate.swift */,
				3430259323800C8100D52C58 /* ContentView.swift */,
				3430259523800C8400D52C58 /* Assets.xcassets */,
				3430259A23800C8400D52C58 /* LaunchScreen.storyboard */,
				3430259D23800C8400D52C58 /* Info.plist */,
				3491FB10238417AE00619054 /* LineChart.swift */,
				3491FB12238417ED00619054 /* LineChartController.swift */,
				3430259723800C8400D52C58 /* Preview Content */,
				349C7FB4238BFBFC00BF2F08 /* LoginView.swift */,
			);
			path = Crypto;
			sourceTree = "<group>";
		};
		3430259723800C8400D52C58 /* Preview Content */ = {
			isa = PBXGroup;
			children = (
				3430259823800C8400D52C58 /* Preview Assets.xcassets */,
			);
			path = "Preview Content";
			sourceTree = "<group>";
		};
/* End PBXGroup section */

/* Begin PBXNativeTarget section */
		3430258B23800C8100D52C58 /* Crypto */ = {
			isa = PBXNativeTarget;
			buildConfigurationList = 343025A023800C8400D52C58 /* Build configuration list for PBXNativeTarget "Crypto" */;
			buildPhases = (
				3430258823800C8100D52C58 /* Sources */,
				3430258923800C8100D52C58 /* Frameworks */,
				3430258A23800C8100D52C58 /* Resources */,
			);
			buildRules = (
			);
			dependencies = (
			);
			name = Crypto;
			productName = Crypto;
			productReference = 3430258C23800C8100D52C58 /* Crypto.app */;
			productType = "com.apple.product-type.application";
		};
/* End PBXNativeTarget section */

/* Begin PBXProject section */
		3430258423800C8100D52C58 /* Project object */ = {
			isa = PBXProject;
			attributes = {
				LastSwiftUpdateCheck = 1120;
				LastUpgradeCheck = 1120;
				ORGANIZATIONNAME = TLabs;
				TargetAttributes = {
					3430258B23800C8100D52C58 = {
						CreatedOnToolsVersion = 11.2;
					};
				};
			};
			buildConfigurationList = 3430258723800C8100D52C58 /* Build configuration list for PBXProject "Crypto" */;
			compatibilityVersion = "Xcode 9.3";
			developmentRegion = en;
			hasScannedForEncodings = 0;
			knownRegions = (
				en,
				Base,
			);
			mainGroup = 3430258323800C8100D52C58;
			productRefGroup = 3430258D23800C8100D52C58 /* Products */;
			projectDirPath = "";
			projectRoot = "";
			targets = (
				3430258B23800C8100D52C58 /* Crypto */,
			);
		};
/* End PBXProject section */

/* Begin PBXResourcesBuildPhase section */
		3430258A23800C8100D52C58 /* Resources */ = {
			isa = PBXResourcesBuildPhase;
			buildActionMask = 2147483647;
			files = (
				3430259C23800C8400D52C58 /* LaunchScreen.storyboard in Resources */,
				3430259923800C8400D52C58 /* Preview Assets.xcassets in Resources */,
				3430259623800C8400D52C58 /* Assets.xcassets in Resources */,
			);
			runOnlyForDeploymentPostprocessing = 0;
		};
/* End PBXResourcesBuildPhase section */

/* Begin PBXSourcesBuildPhase section */
		3430258823800C8100D52C58 /* Sources */ = {
			isa = PBXSourcesBuildPhase;
			buildActionMask = 2147483647;
			files = (
				349C7FB5238BFBFC00BF2F08 /* LoginView.swift in Sources */,
				3491FB11238417AE00619054 /* LineChart.swift in Sources */,
				3430259023800C8100D52C58 /* AppDelegate.swift in Sources */,
				3430259223800C8100D52C58 /* SceneDelegate.swift in Sources */,
				3430259423800C8100D52C58 /* ContentView.swift in Sources */,
				3491FB13238417ED00619054 /* LineChartController.swift in Sources */,
			);
			runOnlyForDeploymentPostprocessing = 0;
		};
/* End PBXSourcesBuildPhase section */

/* Begin PBXVariantGroup section */
		3430259A23800C8400D52C58 /* LaunchScreen.storyboard */ = {
			isa = PBXVariantGroup;
			children = (
				3430259B23800C8400D52C58 /* Base */,
			);
			name = LaunchScreen.storyboard;
			sourceTree = "<group>";
		};